
Microsoft Visual Studio Solution File, Format Version 10.00
# Visual Studio 2008
Project("{8BC9CEB8-8B4A-11D0-8D11-00A0C91BC942}") = "S3Controller", "S3Controller.vcproj", "{17D23EA7-F907-4B59-BD87-D4F824385A49}"
EndProject
Project("{8BC9CEB8-8B4A-11D0-8D11-00A0C91BC942}") = "S3Boot", "S3Boot\S3Boot.vcproj", "{881935EE-87D7-4AAA-B33E-D9AE83ABC97B}"
EndProject
Project("{8BC9CEB8-8B4A-11D0-8D11-00A0C91BC942}") = "S3Agent", "S3Agent\S3Agent.vcproj", "{3CF89CC4-8316-43A3-A5C0-280C74E2B096}"
EndProject
Global
	GlobalSection(SolutionConfigurationPlatforms) = preSolution
		Debug|SDK_TrizepsVII_armv4i_2016Q3 (ARMv4I) = Debug|SDK_TrizepsVII_armv4i_2016Q3 (ARMv4I)
		Debug|Win32 = Debug|Win32
		Release|SDK_TrizepsVII_armv4i_2016Q3 (ARMv4I) = Release|SDK_TrizepsVII_armv4i_2016Q3 (ARMv4I)
		Release|Win32 = Release|Win32
	EndGlobalSection
	GlobalSection(ProjectConfigurationPlatforms) = postSolution
		{17D23EA7-F907-4B59-BD87-D4F824385A49}.Debug|SDK_TrizepsVII_armv4i_2016Q3 (ARMv4I).ActiveCfg = Debug|SDK_TrizepsVII_armv4i_2016Q3 (ARMv4I)
		{17D23EA7-F907-4B59-BD87-D4F824385A49}.Debug|SDK_TrizepsVII_armv4i_2016Q3 (ARMv4I).Build.0 = Debug|SDK_TrizepsVII_armv4i_2016Q3 (ARMv4I)
		{17D23EA7-F907-4B59-BD87-D4F824385A49}.Debug|SDK_TrizepsVII_armv4i_2016Q3 (ARMv4I).Deploy.0 = Debug|SDK_TrizepsVII_armv4i_2016Q3 (ARMv4I)
		{17D23EA7-F907-4B59-BD87-D4F824385A49}.Debug|Win32.ActiveCfg = Debug|Win32
		{17D23EA7-F907-4B59-BD87-D4F824385A49}.Debug|Win32.Build.0 = Debug|Win32
		{17D23EA7-F907-4B59-BD87-D4F824385A49}.Release|SDK_TrizepsVII_armv4i_2016Q3 (ARMv4I).ActiveCfg = Release|SDK_TrizepsVII_armv4i_2016Q3 (ARMv4I)
		{17D23EA7-F907-4B59-BD87-D4F824385A49}.Release|SDK_TrizepsVII_armv4i_2016Q3 (ARMv4I).Build.0 = Release|SDK_TrizepsVII_armv4i_2016Q3 (ARMv4I)
		{17D23EA7-F907-4B59-BD87-D4F824385A49}.Release|SDK_TrizepsVII_armv4i_2016Q3 (ARMv4I).Deploy.0 = Release|SDK_TrizepsVII_armv4i_2016Q3 (ARMv4I)
		{17D23EA7-F907-4B59-BD87-D4F824385A49}.Release|Win32.ActiveCfg = Release|Win32
		{17D23EA7-F907-4B59-BD87-D4F824385A49}.Release|Win32.Build.0 = Release|Win32
		{881935EE-87D7-4AAA-B33E-D9AE83ABC97B}.Debug|SDK_TrizepsVII_armv4i_2016Q3 (ARMv4I).ActiveCfg = Debug|SDK_TrizepsVII_armv4i_2016Q3 (ARMv4I)
		{881935EE-87D7-4AAA-B33E-D9AE83ABC97B}.Debug|SDK_TrizepsVII_armv4i_2016Q3 (ARMv4I).Build.0 = Debug|SDK_TrizepsVII_armv4i_2016Q3 (ARMv4I)
		{881935EE-87D7-4AAA-B33E-D9AE83ABC97B}.Debug|SDK_TrizepsVII_armv4i_2016Q3 (ARMv4I).Deploy.0 = Debug|SDK_TrizepsVII_armv4i_2016Q3 (ARMv4I)
		{881935EE-87D7-4AAA-B33E-D9AE83ABC97B}.Debug|Win32.ActiveCfg = Debug|Win32
		{881935EE-87D7-4AAA-B33E-D9AE83ABC97B}.Debug|Win32.Build.0 = Debug|Win32
		{881935EE-87D7-4AAA-B33E-D9AE83ABC97B}.Release|SDK_TrizepsVII_armv4i_2016Q3 (ARMv4I).ActiveCfg = Release|SDK_TrizepsVII_armv4i_2016Q3 (ARMv4I)
		{881935EE-87D7-4AAA-B33E-D9AE83ABC97B}.Release|SDK_TrizepsVII_armv4i_2016Q3 (ARMv4I).Build.0 = Release|SDK_TrizepsVII_armv4i_2016Q3 (ARMv4I)
		{881935EE-87D7-4AAA-B33E-D9AE83ABC97B}.Release|SDK_TrizepsVII_armv4i_2016Q3 (ARMv4I).Deploy.0 = Release|SDK_TrizepsVII_armv4i_2016Q3 (ARMv4I)
		{881935EE-87D7-4AAA-B33E-D9AE83ABC97B}.Release|Win32.ActiveCfg = Release|Win32
		{881935EE-87D7-4AAA-B33E-D9AE83ABC97B}.Release|Win32.Build.0 = Release|Win32
		{3CF89CC4-8316-43A3-A5C0-280C74E2B096}.Debug|SDK_TrizepsVII_armv4i_2016Q3 (ARMv4I).ActiveCfg = Debug|Win32
		{3CF89CC4-8316-43A3-A5C0-280C74E2B096}.Debug|Win32.ActiveCfg = Debug|Win32
		{3CF89CC4-8316-43A3-A5C0-280C74E2B096}.Debug|Win32.Build.0 = Debug|Win32
		{3CF89CC4-8316-43A3-A5C0-280C74E2B096}.Release|SDK_TrizepsVII_armv4i_2016Q3 (ARMv4I).ActiveCfg = Release|Win32
		{3CF89CC4-8316-43A3-A5C0-280C74E2B096}.Release|Win32.ActiveCfg = Release|Win32
		{3CF89CC4-8316-43A3-A5C0-280C74E2B096}.Release|Win32.Build.0 = Release|Win32
	EndGlobalSection
	GlobalSection(SolutionProperties) = preSolution
		HideSolutionNode = FALSE
	EndGlobalSection
EndGlobal
