
Microsoft Visual Studio Solution File, Format Version 10.00
# Visual Studio 2008
Project("{54435603-DBB4-11D2-8724-00A0C9A8B90C}") = "S3AgentSetup", "S3AgentSetup.vdproj", "{2D57AD22-CC4E-4616-937B-F69F0FA8029B}"
EndProject
Global
	GlobalSection(SolutionConfigurationPlatforms) = preSolution
		Debug|Default = Debug|Default
		Release|Default = Release|Default
	EndGlobalSection
	GlobalSection(ProjectConfigurationPlatforms) = postSolution
		{2D57AD22-CC4E-4616-937B-F69F0FA8029B}.Debug|Default.ActiveCfg = Debug
		{2D57AD22-CC4E-4616-937B-F69F0FA8029B}.Debug|Default.Build.0 = Debug
		{2D57AD22-CC4E-4616-937B-F69F0FA8029B}.Release|Default.ActiveCfg = Release
		{2D57AD22-CC4E-4616-937B-F69F0FA8029B}.Release|Default.Build.0 = Release
	EndGlobalSection
	GlobalSection(SolutionProperties) = preSolution
		HideSolutionNode = FALSE
	EndGlobalSection
EndGlobal
